
Microsoft Visual Studio Solution File, Format Version 12.00
# Visual Studio Version 17
VisualStudioVersion = 17.0.32014.148
MinimumVisualStudioVersion = 10.0.40219.1
Project("{9A19103F-16F7-4668-BE54-9A1E7A4F7556}") = "GameOfLife.Wpf", "GameOfLife.Wpf\GameOfLife.Wpf.csproj", "{58198999-ABFA-447F-B447-1A5553A2230B}"
EndProject
Global
	GlobalSection(SolutionConfigurationPlatforms) = preSolution
		Debug|Any CPU = Debug|Any CPU
		Release|Any CPU = Release|Any CPU
	EndGlobalSection
	GlobalSection(ProjectConfigurationPlatforms) = postSolution
		{58198999-ABFA-447F-B447-1A5553A2230B}.Debug|Any CPU.ActiveCfg = Debug|Any CPU
		{58198999-ABFA-447F-B447-1A5553A2230B}.Debug|Any CPU.Build.0 = Debug|Any CPU
		{58198999-ABFA-447F-B447-1A5553A2230B}.Release|Any CPU.ActiveCfg = Release|Any CPU
		{58198999-ABFA-447F-B447-1A5553A2230B}.Release|Any CPU.Build.0 = Release|Any CPU
	EndGlobalSection
	GlobalSection(SolutionProperties) = preSolution
		HideSolutionNode = FALSE
	EndGlobalSection
	GlobalSection(ExtensibilityGlobals) = postSolution
		SolutionGuid = {A81D2387-EDF4-4693-B979-F9B2AC0DFFE5}
	EndGlobalSection
EndGlobal
